
Microsoft Visual Studio Solution File, Format Version 12.00
# Visual Studio Version 17
VisualStudioVersion = 17.4.33110.190
MinimumVisualStudioVersion = 10.0.40219.1
Project("{9A19103F-16F7-4668-BE54-9A1E7A4F7556}") = "Ces.Api", "Ces.Api\Ces.Api.csproj", "{A8A113A7-DB36-4F4D-AEDD-C315010D56B6}"
EndProject
Project("{9A19103F-16F7-4668-BE54-9A1E7A4F7556}") = "Ces.Test", "..\tests\Ces.Test\Ces.Test.csproj", "{1A467C12-D409-4D60-8B19-93235F26E6EF}"
	ProjectSection(ProjectDependencies) = postProject
		{A8A113A7-DB36-4F4D-AEDD-C315010D56B6} = {A8A113A7-DB36-4F4D-AEDD-C315010D56B6}
	EndProjectSection
EndProject
Global
	GlobalSection(SolutionConfigurationPlatforms) = preSolution
		Debug|Any CPU = Debug|Any CPU
		Release|Any CPU = Release|Any CPU
	EndGlobalSection
	GlobalSection(ProjectConfigurationPlatforms) = postSolution
		{A8A113A7-DB36-4F4D-AEDD-C315010D56B6}.Debug|Any CPU.ActiveCfg = Debug|Any CPU
		{A8A113A7-DB36-4F4D-AEDD-C315010D56B6}.Debug|Any CPU.Build.0 = Debug|Any CPU
		{A8A113A7-DB36-4F4D-AEDD-C315010D56B6}.Release|Any CPU.ActiveCfg = Release|Any CPU
		{A8A113A7-DB36-4F4D-AEDD-C315010D56B6}.Release|Any CPU.Build.0 = Release|Any CPU
		{1A467C12-D409-4D60-8B19-93235F26E6EF}.Debug|Any CPU.ActiveCfg = Debug|Any CPU
		{1A467C12-D409-4D60-8B19-93235F26E6EF}.Debug|Any CPU.Build.0 = Debug|Any CPU
		{1A467C12-D409-4D60-8B19-93235F26E6EF}.Release|Any CPU.ActiveCfg = Release|Any CPU
		{1A467C12-D409-4D60-8B19-93235F26E6EF}.Release|Any CPU.Build.0 = Release|Any CPU
	EndGlobalSection
	GlobalSection(SolutionProperties) = preSolution
		HideSolutionNode = FALSE
	EndGlobalSection
	GlobalSection(ExtensibilityGlobals) = postSolution
		SolutionGuid = {D08DCD12-8B5E-46B2-8682-4A51E310B87D}
	EndGlobalSection
EndGlobal
